
Microsoft Visual Studio Solution File, Format Version 12.00
# Visual Studio Version 17
VisualStudioVersion = 17.8.34112.27
MinimumVisualStudioVersion = 10.0.40219.1
Project("{8BC9CEB8-8B4A-11D0-8D11-00A0C91BC942}") = "WinLowLevel", "WinLowLevel\WinLowLevel.vcxproj", "{C6DEC756-D2E2-4965-AF79-AB24866ABB03}"
EndProject
Project("{8BC9CEB8-8B4A-11D0-8D11-00A0C91BC942}") = "ImGui", "ImGui\ImGui.vcxproj", "{78965D11-656B-452B-A822-05D21C957F9F}"
EndProject
Project("{8BC9CEB8-8B4A-11D0-8D11-00A0C91BC942}") = "ProcMgr", "ProcMgr\ProcMgr.vcxproj", "{A176C64F-C567-4D9B-8449-41D3D63ACFA0}"
EndProject
Global
	GlobalSection(SolutionConfigurationPlatforms) = preSolution
		Debug|x64 = Debug|x64
		Debug|x86 = Debug|x86
		Release|x64 = Release|x64
		Release|x86 = Release|x86
		ReleaseSigned|x64 = ReleaseSigned|x64
		ReleaseSigned|x86 = ReleaseSigned|x86
	EndGlobalSection
	GlobalSection(ProjectConfigurationPlatforms) = postSolution
		{C6DEC756-D2E2-4965-AF79-AB24866ABB03}.Debug|x64.ActiveCfg = Debug|x64
		{C6DEC756-D2E2-4965-AF79-AB24866ABB03}.Debug|x64.Build.0 = Debug|x64
		{C6DEC756-D2E2-4965-AF79-AB24866ABB03}.Debug|x86.ActiveCfg = Debug|Win32
		{C6DEC756-D2E2-4965-AF79-AB24866ABB03}.Debug|x86.Build.0 = Debug|Win32
		{C6DEC756-D2E2-4965-AF79-AB24866ABB03}.Release|x64.ActiveCfg = Release|x64
		{C6DEC756-D2E2-4965-AF79-AB24866ABB03}.Release|x64.Build.0 = Release|x64
		{C6DEC756-D2E2-4965-AF79-AB24866ABB03}.Release|x86.ActiveCfg = Release|Win32
		{C6DEC756-D2E2-4965-AF79-AB24866ABB03}.Release|x86.Build.0 = Release|Win32
		{C6DEC756-D2E2-4965-AF79-AB24866ABB03}.ReleaseSigned|x64.ActiveCfg = ReleaseSigned|x64
		{C6DEC756-D2E2-4965-AF79-AB24866ABB03}.ReleaseSigned|x64.Build.0 = ReleaseSigned|x64
		{C6DEC756-D2E2-4965-AF79-AB24866ABB03}.ReleaseSigned|x86.ActiveCfg = ReleaseSigned|Win32
		{C6DEC756-D2E2-4965-AF79-AB24866ABB03}.ReleaseSigned|x86.Build.0 = ReleaseSigned|Win32
		{78965D11-656B-452B-A822-05D21C957F9F}.Debug|x64.ActiveCfg = Debug|x64
		{78965D11-656B-452B-A822-05D21C957F9F}.Debug|x64.Build.0 = Debug|x64
		{78965D11-656B-452B-A822-05D21C957F9F}.Debug|x86.ActiveCfg = Debug|Win32
		{78965D11-656B-452B-A822-05D21C957F9F}.Debug|x86.Build.0 = Debug|Win32
		{78965D11-656B-452B-A822-05D21C957F9F}.Release|x64.ActiveCfg = Release|x64
		{78965D11-656B-452B-A822-05D21C957F9F}.Release|x64.Build.0 = Release|x64
		{78965D11-656B-452B-A822-05D21C957F9F}.Release|x86.ActiveCfg = Release|Win32
		{78965D11-656B-452B-A822-05D21C957F9F}.Release|x86.Build.0 = Release|Win32
		{78965D11-656B-452B-A822-05D21C957F9F}.ReleaseSigned|x64.ActiveCfg = ReleaseSigned|x64
		{78965D11-656B-452B-A822-05D21C957F9F}.ReleaseSigned|x64.Build.0 = ReleaseSigned|x64
		{78965D11-656B-452B-A822-05D21C957F9F}.ReleaseSigned|x86.ActiveCfg = ReleaseSigned|Win32
		{78965D11-656B-452B-A822-05D21C957F9F}.ReleaseSigned|x86.Build.0 = ReleaseSigned|Win32
		{A176C64F-C567-4D9B-8449-41D3D63ACFA0}.Debug|x64.ActiveCfg = Debug|x64
		{A176C64F-C567-4D9B-8449-41D3D63ACFA0}.Debug|x64.Build.0 = Debug|x64
		{A176C64F-C567-4D9B-8449-41D3D63ACFA0}.Debug|x86.ActiveCfg = Debug|Win32
		{A176C64F-C567-4D9B-8449-41D3D63ACFA0}.Debug|x86.Build.0 = Debug|Win32
		{A176C64F-C567-4D9B-8449-41D3D63ACFA0}.Release|x64.ActiveCfg = Release|x64
		{A176C64F-C567-4D9B-8449-41D3D63ACFA0}.Release|x64.Build.0 = Release|x64
		{A176C64F-C567-4D9B-8449-41D3D63ACFA0}.Release|x86.ActiveCfg = Release|Win32
		{A176C64F-C567-4D9B-8449-41D3D63ACFA0}.Release|x86.Build.0 = Release|Win32
		{A176C64F-C567-4D9B-8449-41D3D63ACFA0}.ReleaseSigned|x64.ActiveCfg = ReleaseSigned|x64
		{A176C64F-C567-4D9B-8449-41D3D63ACFA0}.ReleaseSigned|x64.Build.0 = ReleaseSigned|x64
		{A176C64F-C567-4D9B-8449-41D3D63ACFA0}.ReleaseSigned|x86.ActiveCfg = ReleaseSigned|Win32
		{A176C64F-C567-4D9B-8449-41D3D63ACFA0}.ReleaseSigned|x86.Build.0 = ReleaseSigned|Win32
	EndGlobalSection
	GlobalSection(SolutionProperties) = preSolution
		HideSolutionNode = FALSE
	EndGlobalSection
	GlobalSection(ExtensibilityGlobals) = postSolution
		SolutionGuid = {1EC610EC-EDCF-4A5D-A6F3-ADCBF31DCF1D}
	EndGlobalSection
EndGlobal
