<?xml version="1.0" encoding="utf-8"?>
<Project ToolsVersion="4.0" xmlns="http://schemas.microsoft.com/developer/msbuild/2003">
  <ItemGroup>
    <Filter Include="Source Files">
      <UniqueIdentifier>{4FC737F1-C7A5-4376-A066-2A32D752A2FF}</UniqueIdentifier>
      <Extensions>cpp;c;cc;cxx;c++;cppm;ixx;def;odl;idl;hpj;bat;asm;asmx</Extensions>
    </Filter>
    <Filter Include="Header Files">
      <UniqueIdentifier>{93995380-89BD-4b04-88EB-625FBE52EBFB}</UniqueIdentifier>
      <Extensions>h;hh;hpp;hxx;h++;hm;inl;inc;ipp;xsd</Extensions>
    </Filter>
    <Filter Include="Resource Files">
      <UniqueIdentifier>{67DA6AB6-F800-4c08-8B7A-83BB121AAD01}</UniqueIdentifier>
      <Extensions>rc;ico;cur;bmp;dlg;rc2;rct;bin;rgs;gif;jpg;jpeg;jpe;resx;tiff;tif;png;wav;mfcribbon-ms</Extensions>
    </Filter>
    <Filter Include="Resource Files\Icons">
      <UniqueIdentifier>{10738533-5043-4402-97fe-af0b88cf7257}</UniqueIdentifier>
    </Filter>
    <Filter Include="Processes">
      <UniqueIdentifier>{bff391c0-282f-49e5-8354-eeeb14352a75}</UniqueIdentifier>
    </Filter>
    <Filter Include="Helpers">
      <UniqueIdentifier>{81f4a8ff-1a7e-4c02-9de0-bdeffc2990f1}</UniqueIdentifier>
    </Filter>
    <Filter Include="Threads">
      <UniqueIdentifier>{7e8c9fc2-79ff-4045-aa21-6d5526a52dfa}</UniqueIdentifier>
    </Filter>
  </ItemGroup>
  <ItemGroup>
    <ClInclude Include="pch.h">
      <Filter>Header Files</Filter>
    </ClInclude>
    <ClInclude Include="Globals.h">
      <Filter>Header Files</Filter>
    </ClInclude>
    <ClInclude Include="MainWindow.h">
      <Filter>Header Files</Filter>
    </ClInclude>
    <ClInclude Include="TotalSysSettings.h">
      <Filter>Header Files</Filter>
    </ClInclude>
    <ClInclude Include="Resource.h">
      <Filter>Resource Files</Filter>
    </ClInclude>
    <ClInclude Include="ProcessesView.h">
      <Filter>Processes</Filter>
    </ClInclude>
    <ClInclude Include="ProcessInfoEx.h">
      <Filter>Processes</Filter>
    </ClInclude>
    <ClInclude Include="ProcessColor.h">
      <Filter>Processes</Filter>
    </ClInclude>
    <ClInclude Include="FormatHelper.h">
      <Filter>Helpers</Filter>
    </ClInclude>
    <ClInclude Include="SortHelper.h">
      <Filter>Helpers</Filter>
    </ClInclude>
    <ClInclude Include="ThreadsView.h">
      <Filter>Threads</Filter>
    </ClInclude>
    <ClInclude Include="ThreadInfoEx.h">
      <Filter>Threads</Filter>
    </ClInclude>
    <ClInclude Include="ViewBase.h">
      <Filter>Header Files</Filter>
    </ClInclude>
    <ClInclude Include="SortedFilteredVector.h">
      <Filter>Header Files</Filter>
    </ClInclude>
    <ClInclude Include="ProcessHelper.h">
      <Filter>Helpers</Filter>
    </ClInclude>
    <ClInclude Include="TransientObject.h">
      <Filter>Helpers</Filter>
    </ClInclude>
    <ClInclude Include="IconManager.h">
      <Filter>Header Files</Filter>
    </ClInclude>
    <ClInclude Include="ModulesView.h">
      <Filter>Processes</Filter>
    </ClInclude>
    <ClInclude Include="UI.h">
      <Filter>Header Files</Filter>
    </ClInclude>
    <ClInclude Include="HandlesView.h">
      <Filter>Processes</Filter>
    </ClInclude>
    <ClInclude Include="AccessMaskDecoder.h">
      <Filter>Helpers</Filter>
    </ClInclude>
    <ClInclude Include="ObjectHelper.h">
      <Filter>Helpers</Filter>
    </ClInclude>
  </ItemGroup>
  <ItemGroup>
    <ClCompile Include="TotalSys.cpp">
      <Filter>Source Files</Filter>
    </ClCompile>
    <ClCompile Include="pch.cpp">
      <Filter>Source Files</Filter>
    </ClCompile>
    <ClCompile Include="Globals.cpp">
      <Filter>Source Files</Filter>
    </ClCompile>
    <ClCompile Include="MainWindow.cpp">
      <Filter>Source Files</Filter>
    </ClCompile>
    <ClCompile Include="TotalSysSettings.cpp">
      <Filter>Source Files</Filter>
    </ClCompile>
    <ClCompile Include="ProcessesView.cpp">
      <Filter>Processes</Filter>
    </ClCompile>
    <ClCompile Include="ProcessInfoEx.cpp">
      <Filter>Processes</Filter>
    </ClCompile>
    <ClCompile Include="ProcessColor.cpp">
      <Filter>Processes</Filter>
    </ClCompile>
    <ClCompile Include="FormatHelper.cpp">
      <Filter>Helpers</Filter>
    </ClCompile>
    <ClCompile Include="SortHelper.cpp">
      <Filter>Helpers</Filter>
    </ClCompile>
    <ClCompile Include="ThreadsView.cpp">
      <Filter>Threads</Filter>
    </ClCompile>
    <ClCompile Include="ThreadInfoEx.cpp">
      <Filter>Threads</Filter>
    </ClCompile>
    <ClCompile Include="ViewBase.cpp">
      <Filter>Source Files</Filter>
    </ClCompile>
    <ClCompile Include="SortedFilteredVector.cpp">
      <Filter>Source Files</Filter>
    </ClCompile>
    <ClCompile Include="ProcessHelper.cpp">
      <Filter>Helpers</Filter>
    </ClCompile>
    <ClCompile Include="IconManager.cpp">
      <Filter>Source Files</Filter>
    </ClCompile>
    <ClCompile Include="ModulesView.cpp">
      <Filter>Processes</Filter>
    </ClCompile>
    <ClCompile Include="UI.cpp">
      <Filter>Source Files</Filter>
    </ClCompile>
    <ClCompile Include="TransientObject.cpp">
      <Filter>Helpers</Filter>
    </ClCompile>
    <ClCompile Include="HandlesView.cpp">
      <Filter>Processes</Filter>
    </ClCompile>
    <ClCompile Include="AccessMaskDecoder.cpp">
      <Filter>Helpers</Filter>
    </ClCompile>
    <ClCompile Include="ObjectHelper.cpp">
      <Filter>Helpers</Filter>
    </ClCompile>
  </ItemGroup>
  <ItemGroup>
    <ResourceCompile Include="TotalSys.rc">
      <Filter>Resource Files</Filter>
    </ResourceCompile>
  </ItemGroup>
  <ItemGroup>
    <Image Include="ProcMgr.ico">
      <Filter>Resource Files\Icons</Filter>
    </Image>
    <Image Include="Icons\Waiting.ico">
      <Filter>Resource Files\Icons</Filter>
    </Image>
    <Image Include="Icons\Initialized.ico">
      <Filter>Resource Files\Icons</Filter>
    </Image>
    <Image Include="Icons\Ready.ico">
      <Filter>Resource Files\Icons</Filter>
    </Image>
    <Image Include="Icons\Running.ico">
      <Filter>Resource Files\Icons</Filter>
    </Image>
    <Image Include="Icons\Standby.ico">
      <Filter>Resource Files\Icons</Filter>
    </Image>
    <Image Include="Icons\Terminated.ico">
      <Filter>Resource Files\Icons</Filter>
    </Image>
    <Image Include="Icons\transition.ico">
      <Filter>Resource Files\Icons</Filter>
    </Image>
    <Image Include="Icons\window_split.ico">
      <Filter>Resource Files\Icons</Filter>
    </Image>
    <Image Include="Icons\Window.ico">
      <Filter>Resource Files\Icons</Filter>
    </Image>
    <Image Include="Icons\TotalSys.ico">
      <Filter>Resource Files\Icons</Filter>
    </Image>
    <Image Include="Icons\dll.ico">
      <Filter>Resource Files\Icons</Filter>
    </Image>
    <Image Include="Icons\dll-database.ico">
      <Filter>Resource Files\Icons</Filter>
    </Image>
    <Image Include="Icons\briefcase.ico">
      <Filter>Resource Files\Icons</Filter>
    </Image>
    <Image Include="Icons\file.ico">
      <Filter>Resource Files\Icons</Filter>
    </Image>
    <Image Include="Icons\gear.ico">
      <Filter>Resource Files\Icons</Filter>
    </Image>
    <Image Include="Icons\key.ico">
      <Filter>Resource Files\Icons</Filter>
    </Image>
    <Image Include="Icons\mutex.ico">
      <Filter>Resource Files\Icons</Filter>
    </Image>
    <Image Include="Icons\Object.ico">
      <Filter>Resource Files\Icons</Filter>
    </Image>
    <Image Include="Icons\types.ico">
      <Filter>Resource Files\Icons</Filter>
    </Image>
    <Image Include="Icons\token.ico">
      <Filter>Resource Files\Icons</Filter>
    </Image>
    <Image Include="Icons\timer.ico">
      <Filter>Resource Files\Icons</Filter>
    </Image>
    <Image Include="Icons\thread.ico">
      <Filter>Resource Files\Icons</Filter>
    </Image>
    <Image Include="Icons\symboliclink.ico">
      <Filter>Resource Files\Icons</Filter>
    </Image>
    <Image Include="Icons\semaphore.ico">
      <Filter>Resource Files\Icons</Filter>
    </Image>
  </ItemGroup>
</Project>